
Microsoft Visual Studio Solution File, Format Version 12.00
# Visual Studio Version 17
VisualStudioVersion = 17.10.34607.79
MinimumVisualStudioVersion = 10.0.40219.1
Project("{FAE04EC0-301F-11D3-BF4B-00C04F79EFBC}") = "Webrox.Base64Stream", "Webrox.Base64Stream\Webrox.Base64Stream.csproj", "{E52B2791-EDB7-4E7E-AA2B-102BE04F186A}"
EndProject
Project("{FAE04EC0-301F-11D3-BF4B-00C04F79EFBC}") = "Webrox.TestBase64Stream", "TestBase64Stream\Webrox.TestBase64Stream.csproj", "{084F1318-32CC-4372-8C55-3AF8D187B763}"
EndProject
Global
	GlobalSection(SolutionConfigurationPlatforms) = preSolution
		Debug|Any CPU = Debug|Any CPU
		Release|Any CPU = Release|Any CPU
	EndGlobalSection
	GlobalSection(ProjectConfigurationPlatforms) = postSolution
		{E52B2791-EDB7-4E7E-AA2B-102BE04F186A}.Debug|Any CPU.ActiveCfg = Debug|Any CPU
		{E52B2791-EDB7-4E7E-AA2B-102BE04F186A}.Debug|Any CPU.Build.0 = Debug|Any CPU
		{E52B2791-EDB7-4E7E-AA2B-102BE04F186A}.Release|Any CPU.ActiveCfg = Release|Any CPU
		{E52B2791-EDB7-4E7E-AA2B-102BE04F186A}.Release|Any CPU.Build.0 = Release|Any CPU
		{084F1318-32CC-4372-8C55-3AF8D187B763}.Debug|Any CPU.ActiveCfg = Debug|Any CPU
		{084F1318-32CC-4372-8C55-3AF8D187B763}.Debug|Any CPU.Build.0 = Debug|Any CPU
		{084F1318-32CC-4372-8C55-3AF8D187B763}.Release|Any CPU.ActiveCfg = Release|Any CPU
		{084F1318-32CC-4372-8C55-3AF8D187B763}.Release|Any CPU.Build.0 = Release|Any CPU
	EndGlobalSection
	GlobalSection(SolutionProperties) = preSolution
		HideSolutionNode = FALSE
	EndGlobalSection
	GlobalSection(ExtensibilityGlobals) = postSolution
		SolutionGuid = {AD6320BB-9174-4358-AA53-D489A36E7184}
	EndGlobalSection
EndGlobal
